{
  "name": "aeg-intent-gate-starter",
  "version": "0.1.0",
  "lockfileVersion": 3,
  "requires": true,
  "packages": {
    "": {
      "name": "aeg-intent-gate-starter",
      "version": "0.1.0",
      "dependencies": {
        "@pallattu/aeg-intent-gate": "^0.6.0"
      },
      "engines": {
        "node": ">=20"
      }
    },
    "node_modules/@pallattu/aeg-intent-gate": {
      "version": "0.6.0",
      "resolved": "https://registry.npmjs.org/@pallattu/aeg-intent-gate/-/aeg-intent-gate-0.6.0.tgz",
      "integrity": "sha512-dJczJr06I7DShLldEQrWrOb6rnZxX9vZWrpOB0WWaBqmMNSCvmyJ8IV56X32E1jdH1qJ7F3L6O9nqO3KNEnlLg==",
      "license": "MIT",
      "bin": {
        "aeg-intent-gate": "dist/cli.js"
      },
      "engines": {
        "node": ">=20"
      }
    }
  }
}
